
Microsoft Visual Studio Solution File, Format Version 12.00
# Visual Studio 15
VisualStudioVersion = 15.0.28307.168
MinimumVisualStudioVersion = 10.0.40219.1
Project("{9A19103F-16F7-4668-BE54-9A1E7A4F7556}") = "AlasWebApplication", "Alas WebApplication\AlasWebApplication.csproj", "{E092D56B-3633-4EAD-BADE-601C65872A26}"
EndProject
Project("{FAE04EC0-301F-11D3-BF4B-00C04F79EFBC}") = "Core", "Core\Core.csproj", "{FF41E2E8-EE7F-4101-B8A4-84D62FC27D8D}"
EndProject
Project("{FAE04EC0-301F-11D3-BF4B-00C04F79EFBC}") = "Data", "Data\Data.csproj", "{691EED2B-1D2D-46AC-A5E6-965BF6B91DB1}"
EndProject
Global
	GlobalSection(SolutionConfigurationPlatforms) = preSolution
		Debug|Any CPU = Debug|Any CPU
		Release|Any CPU = Release|Any CPU
	EndGlobalSection
	GlobalSection(ProjectConfigurationPlatforms) = postSolution
		{E092D56B-3633-4EAD-BADE-601C65872A26}.Debug|Any CPU.ActiveCfg = Debug|Any CPU
		{E092D56B-3633-4EAD-BADE-601C65872A26}.Debug|Any CPU.Build.0 = Debug|Any CPU
		{E092D56B-3633-4EAD-BADE-601C65872A26}.Release|Any CPU.ActiveCfg = Release|Any CPU
		{E092D56B-3633-4EAD-BADE-601C65872A26}.Release|Any CPU.Build.0 = Release|Any CPU
		{FF41E2E8-EE7F-4101-B8A4-84D62FC27D8D}.Debug|Any CPU.ActiveCfg = Debug|Any CPU
		{FF41E2E8-EE7F-4101-B8A4-84D62FC27D8D}.Debug|Any CPU.Build.0 = Debug|Any CPU
		{FF41E2E8-EE7F-4101-B8A4-84D62FC27D8D}.Release|Any CPU.ActiveCfg = Release|Any CPU
		{FF41E2E8-EE7F-4101-B8A4-84D62FC27D8D}.Release|Any CPU.Build.0 = Release|Any CPU
		{691EED2B-1D2D-46AC-A5E6-965BF6B91DB1}.Debug|Any CPU.ActiveCfg = Debug|Any CPU
		{691EED2B-1D2D-46AC-A5E6-965BF6B91DB1}.Debug|Any CPU.Build.0 = Debug|Any CPU
		{691EED2B-1D2D-46AC-A5E6-965BF6B91DB1}.Release|Any CPU.ActiveCfg = Release|Any CPU
		{691EED2B-1D2D-46AC-A5E6-965BF6B91DB1}.Release|Any CPU.Build.0 = Release|Any CPU
	EndGlobalSection
	GlobalSection(SolutionProperties) = preSolution
		HideSolutionNode = FALSE
	EndGlobalSection
	GlobalSection(ExtensibilityGlobals) = postSolution
		SolutionGuid = {B1822545-49B8-4E18-8AE0-386665A299E2}
	EndGlobalSection
EndGlobal
